
Microsoft Visual Studio Solution File, Format Version 12.00
# Visual Studio 15
VisualStudioVersion = 15.0.27703.2042
MinimumVisualStudioVersion = 10.0.40219.1
Project("{FAE04EC0-301F-11D3-BF4B-00C04F79EFBC}") = "Supermercado", "GrispiPractice\Supermercado.csproj", "{6360BD42-69BA-4EF7-98BA-AC8FFB3061FA}"
EndProject
Project("{FAE04EC0-301F-11D3-BF4B-00C04F79EFBC}") = "Carrera", "Carrera\Carrera.csproj", "{C435281B-3C49-4737-8A18-C67F894DD320}"
EndProject
Project("{FAE04EC0-301F-11D3-BF4B-00C04F79EFBC}") = "Pasantia", "Pasantia\Pasantia.csproj", "{021F3382-B35E-4DBB-8223-362868E73B69}"
EndProject
Global
	GlobalSection(SolutionConfigurationPlatforms) = preSolution
		Debug|Any CPU = Debug|Any CPU
		Release|Any CPU = Release|Any CPU
	EndGlobalSection
	GlobalSection(ProjectConfigurationPlatforms) = postSolution
		{6360BD42-69BA-4EF7-98BA-AC8FFB3061FA}.Debug|Any CPU.ActiveCfg = Debug|Any CPU
		{6360BD42-69BA-4EF7-98BA-AC8FFB3061FA}.Debug|Any CPU.Build.0 = Debug|Any CPU
		{6360BD42-69BA-4EF7-98BA-AC8FFB3061FA}.Release|Any CPU.ActiveCfg = Release|Any CPU
		{6360BD42-69BA-4EF7-98BA-AC8FFB3061FA}.Release|Any CPU.Build.0 = Release|Any CPU
		{C435281B-3C49-4737-8A18-C67F894DD320}.Debug|Any CPU.ActiveCfg = Debug|Any CPU
		{C435281B-3C49-4737-8A18-C67F894DD320}.Debug|Any CPU.Build.0 = Debug|Any CPU
		{C435281B-3C49-4737-8A18-C67F894DD320}.Release|Any CPU.ActiveCfg = Release|Any CPU
		{C435281B-3C49-4737-8A18-C67F894DD320}.Release|Any CPU.Build.0 = Release|Any CPU
		{021F3382-B35E-4DBB-8223-362868E73B69}.Debug|Any CPU.ActiveCfg = Debug|Any CPU
		{021F3382-B35E-4DBB-8223-362868E73B69}.Debug|Any CPU.Build.0 = Debug|Any CPU
		{021F3382-B35E-4DBB-8223-362868E73B69}.Release|Any CPU.ActiveCfg = Release|Any CPU
		{021F3382-B35E-4DBB-8223-362868E73B69}.Release|Any CPU.Build.0 = Release|Any CPU
	EndGlobalSection
	GlobalSection(SolutionProperties) = preSolution
		HideSolutionNode = FALSE
	EndGlobalSection
	GlobalSection(ExtensibilityGlobals) = postSolution
		SolutionGuid = {20CD0A57-AA8A-440B-B1FA-288F85996F56}
	EndGlobalSection
EndGlobal
